// !$*UTF8*$!
{
	archiveVersion = 1;
	classes = {
	};
	objectVersion = 50;
	objects = {

/* Begin PBXBuildFile section */
		480E10C52634DF5200665FD4 /* UserFriendlySelction.swift in Sources */ = {isa = PBXBuildFile; fileRef = 480E10C42634DF5200665FD4 /* UserFriendlySelction.swift */; };
		480E10C62634DF5200665FD4 /* UserFriendlySelction.swift in Sources */ = {isa = PBXBuildFile; fileRef = 480E10C42634DF5200665FD4 /* UserFriendlySelction.swift */; };
		480E10CA2634E4B900665FD4 /* DatePickerView.swift in Sources */ = {isa = PBXBuildFile; fileRef = 480E10C92634E4B900665FD4 /* DatePickerView.swift */; };
		480E10CB2634E4B900665FD4 /* DatePickerView.swift in Sources */ = {isa = PBXBuildFile; fileRef = 480E10C92634E4B900665FD4 /* DatePickerView.swift */; };
		4829743E262A8E3B00D923DE /* IOsDevTutorialApp.swift in Sources */ = {isa = PBXBuildFile; fileRef = 4829742B262A8E3A00D923DE /* IOsDevTutorialApp.swift */; };
		4829743F262A8E3B00D923DE /* IOsDevTutorialApp.swift in Sources */ = {isa = PBXBuildFile; fileRef = 4829742B262A8E3A00D923DE /* IOsDevTutorialApp.swift */; };
		48297440262A8E3B00D923DE /* ContentView.swift in Sources */ = {isa = PBXBuildFile; fileRef = 4829742C262A8E3A00D923DE /* ContentView.swift */; };
		48297441262A8E3B00D923DE /* ContentView.swift in Sources */ = {isa = PBXBuildFile; fileRef = 4829742C262A8E3A00D923DE /* ContentView.swift */; };
		48297442262A8E3B00D923DE /* Assets.xcassets in Resources */ = {isa = PBXBuildFile; fileRef = 4829742D262A8E3B00D923DE /* Assets.xcassets */; };
		48297443262A8E3B00D923DE /* Assets.xcassets in Resources */ = {isa = PBXBuildFile; fileRef = 4829742D262A8E3B00D923DE /* Assets.xcassets */; };
		48297452262A8EC700D923DE /* TextViewParagraph.swift in Sources */ = {isa = PBXBuildFile; fileRef = 4829744E262A8EC700D923DE /* TextViewParagraph.swift */; };
		48297453262A8EC700D923DE /* TextViewParagraph.swift in Sources */ = {isa = PBXBuildFile; fileRef = 4829744E262A8EC700D923DE /* TextViewParagraph.swift */; };
		48297454262A8EC700D923DE /* FullScreen.swift in Sources */ = {isa = PBXBuildFile; fileRef = 4829744F262A8EC700D923DE /* FullScreen.swift */; };
		48297455262A8EC700D923DE /* FullScreen.swift in Sources */ = {isa = PBXBuildFile; fileRef = 4829744F262A8EC700D923DE /* FullScreen.swift */; };
		48297456262A8EC700D923DE /* TextViewL2.swift in Sources */ = {isa = PBXBuildFile; fileRef = 48297450262A8EC700D923DE /* TextViewL2.swift */; };
		48297457262A8EC700D923DE /* TextViewL2.swift in Sources */ = {isa = PBXBuildFile; fileRef = 48297450262A8EC700D923DE /* TextViewL2.swift */; };
		48297458262A8EC700D923DE /* ShowStoreView.swift in Sources */ = {isa = PBXBuildFile; fileRef = 48297451262A8EC700D923DE /* ShowStoreView.swift */; };
		48297459262A8EC700D923DE /* ShowStoreView.swift in Sources */ = {isa = PBXBuildFile; fileRef = 48297451262A8EC700D923DE /* ShowStoreView.swift */; };
		48297461262A926F00D923DE /* DateFormatText.swift in Sources */ = {isa = PBXBuildFile; fileRef = 48297460262A926F00D923DE /* DateFormatText.swift */; };
		48297462262A926F00D923DE /* DateFormatText.swift in Sources */ = {isa = PBXBuildFile; fileRef = 48297460262A926F00D923DE /* DateFormatText.swift */; };
		483844982638BE820043BA65 /* DateFormat.swift in Sources */ = {isa = PBXBuildFile; fileRef = 483844972638BE820043BA65 /* DateFormat.swift */; };
		483844992638BE820043BA65 /* DateFormat.swift in Sources */ = {isa = PBXBuildFile; fileRef = 483844972638BE820043BA65 /* DateFormat.swift */; };
		4838449B2638C5220043BA65 /* ColorPicking.swift in Sources */ = {isa = PBXBuildFile; fileRef = 4838449A2638C5220043BA65 /* ColorPicking.swift */; };
		4838449C2638C5220043BA65 /* ColorPicking.swift in Sources */ = {isa = PBXBuildFile; fileRef = 4838449A2638C5220043BA65 /* ColorPicking.swift */; };
		4838449E2638C9E80043BA65 /* PickerIntoSegmentPicker.swift in Sources */ = {isa = PBXBuildFile; fileRef = 4838449D2638C9E80043BA65 /* PickerIntoSegmentPicker.swift */; };
		4838449F2638C9E80043BA65 /* PickerIntoSegmentPicker.swift in Sources */ = {isa = PBXBuildFile; fileRef = 4838449D2638C9E80043BA65 /* PickerIntoSegmentPicker.swift */; };
		483844A12639C18D0043BA65 /* SliderView.swift in Sources */ = {isa = PBXBuildFile; fileRef = 483844A02639C18D0043BA65 /* SliderView.swift */; };
		483844A22639C18D0043BA65 /* SliderView.swift in Sources */ = {isa = PBXBuildFile; fileRef = 483844A02639C18D0043BA65 /* SliderView.swift */; };
		484987C2262C44EA009B59EE /* ComposedText.swift in Sources */ = {isa = PBXBuildFile; fileRef = 484987C1262C44EA009B59EE /* ComposedText.swift */; };
		484987C3262C44EA009B59EE /* ComposedText.swift in Sources */ = {isa = PBXBuildFile; fileRef = 484987C1262C44EA009B59EE /* ComposedText.swift */; };
		484987C7262C4640009B59EE /* LabelOfImageText.swift in Sources */ = {isa = PBXBuildFile; fileRef = 484987C6262C4640009B59EE /* LabelOfImageText.swift */; };
		484987C8262C4640009B59EE /* LabelOfImageText.swift in Sources */ = {isa = PBXBuildFile; fileRef = 484987C6262C4640009B59EE /* LabelOfImageText.swift */; };
		484987CC262C569F009B59EE /* TextFieldView.swift in Sources */ = {isa = PBXBuildFile; fileRef = 484987CB262C569F009B59EE /* TextFieldView.swift */; };
		484987CD262C569F009B59EE /* TextFieldView.swift in Sources */ = {isa = PBXBuildFile; fileRef = 484987CB262C569F009B59EE /* TextFieldView.swift */; };
		484987D3262C6FD7009B59EE /* TextEditorView.swift in Sources */ = {isa = PBXBuildFile; fileRef = 484987D2262C6FD7009B59EE /* TextEditorView.swift */; };
		484987D4262C6FD7009B59EE /* TextEditorView.swift in Sources */ = {isa = PBXBuildFile; fileRef = 484987D2262C6FD7009B59EE /* TextEditorView.swift */; };
		484987D8262C9225009B59EE /* ModalWindow.swift in Sources */ = {isa = PBXBuildFile; fileRef = 484987D7262C9225009B59EE /* ModalWindow.swift */; };
		484987D9262C9225009B59EE /* ModalWindow.swift in Sources */ = {isa = PBXBuildFile; fileRef = 484987D7262C9225009B59EE /* ModalWindow.swift */; };
		484987DD262C9483009B59EE /* ImageRelated01.swift in Sources */ = {isa = PBXBuildFile; fileRef = 484987DC262C9483009B59EE /* ImageRelated01.swift */; };
		484987DE262C9483009B59EE /* ImageRelated01.swift in Sources */ = {isa = PBXBuildFile; fileRef = 484987DC262C9483009B59EE /* ImageRelated01.swift */; };
		484987E2262C95DB009B59EE /* Image02.swift in Sources */ = {isa = PBXBuildFile; fileRef = 484987E1262C95DB009B59EE /* Image02.swift */; };
		484987E3262C95DB009B59EE /* Image02.swift in Sources */ = {isa = PBXBuildFile; fileRef = 484987E1262C95DB009B59EE /* Image02.swift */; };
		484987E7262C97BA009B59EE /* ImageEffects.swift in Sources */ = {isa = PBXBuildFile; fileRef = 484987E6262C97BA009B59EE /* ImageEffects.swift */; };
		484987E8262C97BA009B59EE /* ImageEffects.swift in Sources */ = {isa = PBXBuildFile; fileRef = 484987E6262C97BA009B59EE /* ImageEffects.swift */; };
		484987EC262C9EAB009B59EE /* ImageBackground.swift in Sources */ = {isa = PBXBuildFile; fileRef = 484987EB262C9EAB009B59EE /* ImageBackground.swift */; };
		484987ED262C9EAB009B59EE /* ImageBackground.swift in Sources */ = {isa = PBXBuildFile; fileRef = 484987EB262C9EAB009B59EE /* ImageBackground.swift */; };
		484987F1262CA37F009B59EE /* ImageRotation.swift in Sources */ = {isa = PBXBuildFile; fileRef = 484987F0262CA37F009B59EE /* ImageRotation.swift */; };
		484987F2262CA37F009B59EE /* ImageRotation.swift in Sources */ = {isa = PBXBuildFile; fileRef = 484987F0262CA37F009B59EE /* ImageRotation.swift */; };
		484987F6262CA787009B59EE /* WebImagef.swift in Sources */ = {isa = PBXBuildFile; fileRef = 484987F5262CA787009B59EE /* WebImagef.swift */; };
		484987F7262CA787009B59EE /* WebImagef.swift in Sources */ = {isa = PBXBuildFile; fileRef = 484987F5262CA787009B59EE /* WebImagef.swift */; };
/* End PBXBuildFile section */

/* Begin PBXFileReference section */
		480E10C42634DF5200665FD4 /* UserFriendlySelction.swift */ = {isa = PBXFileReference; lastKnownFileType = sourcecode.swift; path = UserFriendlySelction.swift; sourceTree = "<group>"; };
		480E10C92634E4B900665FD4 /* DatePickerView.swift */ = {isa = PBXFileReference; lastKnownFileType = sourcecode.swift; path = DatePickerView.swift; sourceTree = "<group>"; };
		4829742B262A8E3A00D923DE /* IOsDevTutorialApp.swift */ = {isa = PBXFileReference; lastKnownFileType = sourcecode.swift; path = IOsDevTutorialApp.swift; sourceTree = "<group>"; };
		4829742C262A8E3A00D923DE /* ContentView.swift */ = {isa = PBXFileReference; lastKnownFileType = sourcecode.swift; path = ContentView.swift; sourceTree = "<group>"; };
		4829742D262A8E3B00D923DE /* Assets.xcassets */ = {isa = PBXFileReference; lastKnownFileType = folder.assetcatalog; path = Assets.xcassets; sourceTree = "<group>"; };
		48297432262A8E3B00D923DE /* IOsDevTutorial.app */ = {isa = PBXFileReference; explicitFileType = wrapper.application; includeInIndex = 0; path = IOsDevTutorial.app; sourceTree = BUILT_PRODUCTS_DIR; };
		48297435262A8E3B00D923DE /* Info.plist */ = {isa = PBXFileReference; lastKnownFileType = text.plist.xml; path = Info.plist; sourceTree = "<group>"; };
		4829743A262A8E3B00D923DE /* IOsDevTutorial.app */ = {isa = PBXFileReference; explicitFileType = wrapper.application; includeInIndex = 0; path = IOsDevTutorial.app; sourceTree = BUILT_PRODUCTS_DIR; };
		4829743C262A8E3B00D923DE /* Info.plist */ = {isa = PBXFileReference; lastKnownFileType = text.plist.xml; path = Info.plist; sourceTree = "<group>"; };
		4829743D262A8E3B00D923DE /* macOS.entitlements */ = {isa = PBXFileReference; lastKnownFileType = text.plist.entitlements; path = macOS.entitlements; sourceTree = "<group>"; };
		4829744E262A8EC700D923DE /* TextViewParagraph.swift */ = {isa = PBXFileReference; fileEncoding = 4; lastKnownFileType = sourcecode.swift; path = TextViewParagraph.swift; sourceTree = "<group>"; };
		4829744F262A8EC700D923DE /* FullScreen.swift */ = {isa = PBXFileReference; fileEncoding = 4; lastKnownFileType = sourcecode.swift; path = FullScreen.swift; sourceTree = "<group>"; };
		48297450262A8EC700D923DE /* TextViewL2.swift */ = {isa = PBXFileReference; fileEncoding = 4; lastKnownFileType = sourcecode.swift; path = TextViewL2.swift; sourceTree = "<group>"; };
		48297451262A8EC700D923DE /* ShowStoreView.swift */ = {isa = PBXFileReference; fileEncoding = 4; lastKnownFileType = sourcecode.swift; path = ShowStoreView.swift; sourceTree = "<group>"; };
		48297460262A926F00D923DE /* DateFormatText.swift */ = {isa = PBXFileReference; lastKnownFileType = sourcecode.swift; path = DateFormatText.swift; sourceTree = "<group>"; };
		483844972638BE820043BA65 /* DateFormat.swift */ = {isa = PBXFileReference; lastKnownFileType = sourcecode.swift; path = DateFormat.swift; sourceTree = "<group>"; };
		4838449A2638C5220043BA65 /* ColorPicking.swift */ = {isa = PBXFileReference; lastKnownFileType = sourcecode.swift; path = ColorPicking.swift; sourceTree = "<group>"; };
		4838449D2638C9E80043BA65 /* PickerIntoSegmentPicker.swift */ = {isa = PBXFileReference; lastKnownFileType = sourcecode.swift; path = PickerIntoSegmentPicker.swift; sourceTree = "<group>"; };
		483844A02639C18D0043BA65 /* SliderView.swift */ = {isa = PBXFileReference; lastKnownFileType = sourcecode.swift; path = SliderView.swift; sourceTree = "<group>"; };
		484987C1262C44EA009B59EE /* ComposedText.swift */ = {isa = PBXFileReference; lastKnownFileType = sourcecode.swift; path = ComposedText.swift; sourceTree = "<group>"; };
		484987C6262C4640009B59EE /* LabelOfImageText.swift */ = {isa = PBXFileReference; lastKnownFileType = sourcecode.swift; path = LabelOfImageText.swift; sourceTree = "<group>"; };
		484987CB262C569F009B59EE /* TextFieldView.swift */ = {isa = PBXFileReference; lastKnownFileType = sourcecode.swift; path = TextFieldView.swift; sourceTree = "<group>"; };
		484987D2262C6FD7009B59EE /* TextEditorView.swift */ = {isa = PBXFileReference; lastKnownFileType = sourcecode.swift; path = TextEditorView.swift; sourceTree = "<group>"; };
		484987D7262C9225009B59EE /* ModalWindow.swift */ = {isa = PBXFileReference; lastKnownFileType = sourcecode.swift; path = ModalWindow.swift; sourceTree = "<group>"; };
		484987DC262C9483009B59EE /* ImageRelated01.swift */ = {isa = PBXFileReference; lastKnownFileType = sourcecode.swift; path = ImageRelated01.swift; sourceTree = "<group>"; };
		484987E1262C95DB009B59EE /* Image02.swift */ = {isa = PBXFileReference; lastKnownFileType = sourcecode.swift; path = Image02.swift; sourceTree = "<group>"; };
		484987E6262C97BA009B59EE /* ImageEffects.swift */ = {isa = PBXFileReference; lastKnownFileType = sourcecode.swift; path = ImageEffects.swift; sourceTree = "<group>"; };
		484987EB262C9EAB009B59EE /* ImageBackground.swift */ = {isa = PBXFileReference; lastKnownFileType = sourcecode.swift; path = ImageBackground.swift; sourceTree = "<group>"; };
		484987F0262CA37F009B59EE /* ImageRotation.swift */ = {isa = PBXFileReference; lastKnownFileType = sourcecode.swift; path = ImageRotation.swift; sourceTree = "<group>"; };
		484987F5262CA787009B59EE /* WebImagef.swift */ = {isa = PBXFileReference; lastKnownFileType = sourcecode.swift; path = WebImagef.swift; sourceTree = "<group>"; };
/* End PBXFileReference section */

/* Begin PBXFrameworksBuildPhase section */
		4829742F262A8E3B00D923DE /* Frameworks */ = {
			isa = PBXFrameworksBuildPhase;
			buildActionMask = 2147483647;
			files = (
			);
			runOnlyForDeploymentPostprocessing = 0;
		};
		48297437262A8E3B00D923DE /* Frameworks */ = {
			isa = PBXFrameworksBuildPhase;
			buildActionMask = 2147483647;
			files = (
			);
			runOnlyForDeploymentPostprocessing = 0;
		};
/* End PBXFrameworksBuildPhase section */

/* Begin PBXGroup section */
		48297425262A8E3A00D923DE = {
			isa = PBXGroup;
			children = (
				4829742A262A8E3A00D923DE /* Shared */,
				48297434262A8E3B00D923DE /* iOS */,
				4829743B262A8E3B00D923DE /* macOS */,
				48297433262A8E3B00D923DE /* Products */,
			);
			sourceTree = "<group>";
		};
		4829742A262A8E3A00D923DE /* Shared */ = {
			isa = PBXGroup;
			children = (
				4829742B262A8E3A00D923DE /* IOsDevTutorialApp.swift */,
				4829742C262A8E3A00D923DE /* ContentView.swift */,
				48297451262A8EC700D923DE /* ShowStoreView.swift */,
				48297450262A8EC700D923DE /* TextViewL2.swift */,
				4829744E262A8EC700D923DE /* TextViewParagraph.swift */,
				4829744F262A8EC700D923DE /* FullScreen.swift */,
				48297460262A926F00D923DE /* DateFormatText.swift */,
				484987C1262C44EA009B59EE /* ComposedText.swift */,
				484987C6262C4640009B59EE /* LabelOfImageText.swift */,
				484987CB262C569F009B59EE /* TextFieldView.swift */,
				484987D2262C6FD7009B59EE /* TextEditorView.swift */,
				484987D7262C9225009B59EE /* ModalWindow.swift */,
				484987DC262C9483009B59EE /* ImageRelated01.swift */,
				484987E1262C95DB009B59EE /* Image02.swift */,
				484987E6262C97BA009B59EE /* ImageEffects.swift */,
				484987EB262C9EAB009B59EE /* ImageBackground.swift */,
				484987F0262CA37F009B59EE /* ImageRotation.swift */,
				484987F5262CA787009B59EE /* WebImagef.swift */,
				480E10C42634DF5200665FD4 /* UserFriendlySelction.swift */,
				480E10C92634E4B900665FD4 /* DatePickerView.swift */,
				483844972638BE820043BA65 /* DateFormat.swift */,
				4838449A2638C5220043BA65 /* ColorPicking.swift */,
				4838449D2638C9E80043BA65 /* PickerIntoSegmentPicker.swift */,
				483844A02639C18D0043BA65 /* SliderView.swift */,
				4829742D262A8E3B00D923DE /* Assets.xcassets */,
			);
			path = Shared;
			sourceTree = "<group>";
		};
		48297433262A8E3B00D923DE /* Products */ = {
			isa = PBXGroup;
			children = (
				48297432262A8E3B00D923DE /* IOsDevTutorial.app */,
				4829743A262A8E3B00D923DE /* IOsDevTutorial.app */,
			);
			name = Products;
			sourceTree = "<group>";
		};
		48297434262A8E3B00D923DE /* iOS */ = {
			isa = PBXGroup;
			children = (
				48297435262A8E3B00D923DE /* Info.plist */,
			);
			path = iOS;
			sourceTree = "<group>";
		};
		4829743B262A8E3B00D923DE /* macOS */ = {
			isa = PBXGroup;
			children = (
				4829743C262A8E3B00D923DE /* Info.plist */,
				4829743D262A8E3B00D923DE /* macOS.entitlements */,
			);
			path = macOS;
			sourceTree = "<group>";
		};
/* End PBXGroup section */

/* Begin PBXNativeTarget section */
		48297431262A8E3B00D923DE /* IOsDevTutorial (iOS) */ = {
			isa = PBXNativeTarget;
			buildConfigurationList = 48297446262A8E3B00D923DE /* Build configuration list for PBXNativeTarget "IOsDevTutorial (iOS)" */;
			buildPhases = (
				4829742E262A8E3B00D923DE /* Sources */,
				4829742F262A8E3B00D923DE /* Frameworks */,
				48297430262A8E3B00D923DE /* Resources */,
			);
			buildRules = (
			);
			dependencies = (
			);
			name = "IOsDevTutorial (iOS)";
			productName = "IOsDevTutorial (iOS)";
			productReference = 48297432262A8E3B00D923DE /* IOsDevTutorial.app */;
			productType = "com.apple.product-type.application";
		};
		48297439262A8E3B00D923DE /* IOsDevTutorial (macOS) */ = {
			isa = PBXNativeTarget;
			buildConfigurationList = 48297449262A8E3B00D923DE /* Build configuration list for PBXNativeTarget "IOsDevTutorial (macOS)" */;
			buildPhases = (
				48297436262A8E3B00D923DE /* Sources */,
				48297437262A8E3B00D923DE /* Frameworks */,
				48297438262A8E3B00D923DE /* Resources */,
			);
			buildRules = (
			);
			dependencies = (
			);
			name = "IOsDevTutorial (macOS)";
			productName = "IOsDevTutorial (macOS)";
			productReference = 4829743A262A8E3B00D923DE /* IOsDevTutorial.app */;
			productType = "com.apple.product-type.application";
		};
/* End PBXNativeTarget section */

/* Begin PBXProject section */
		48297426262A8E3A00D923DE /* Project object */ = {
			isa = PBXProject;
			attributes = {
				LastSwiftUpdateCheck = 1240;
				LastUpgradeCheck = 1250;
				TargetAttributes = {
					48297431262A8E3B00D923DE = {
						CreatedOnToolsVersion = 12.4;
					};
					48297439262A8E3B00D923DE = {
						CreatedOnToolsVersion = 12.4;
					};
				};
			};
			buildConfigurationList = 48297429262A8E3A00D923DE /* Build configuration list for PBXProject "IOsDevTutorial" */;
			compatibilityVersion = "Xcode 9.3";
			developmentRegion = en;
			hasScannedForEncodings = 0;
			knownRegions = (
				en,
				Base,
			);
			mainGroup = 48297425262A8E3A00D923DE;
			productRefGroup = 48297433262A8E3B00D923DE /* Products */;
			projectDirPath = "";
			projectRoot = "";
			targets = (
				48297431262A8E3B00D923DE /* IOsDevTutorial (iOS) */,
				48297439262A8E3B00D923DE /* IOsDevTutorial (macOS) */,
			);
		};
/* End PBXProject section */

/* Begin PBXResourcesBuildPhase section */
		48297430262A8E3B00D923DE /* Resources */ = {
			isa = PBXResourcesBuildPhase;
			buildActionMask = 2147483647;
			files = (
				48297442262A8E3B00D923DE /* Assets.xcassets in Resources */,
			);
			runOnlyForDeploymentPostprocessing = 0;
		};
		48297438262A8E3B00D923DE /* Resources */ = {
			isa = PBXResourcesBuildPhase;
			buildActionMask = 2147483647;
			files = (
				48297443262A8E3B00D923DE /* Assets.xcassets in Resources */,
			);
			runOnlyForDeploymentPostprocessing = 0;
		};
/* End PBXResourcesBuildPhase section */

/* Begin PBXSourcesBuildPhase section */
		4829742E262A8E3B00D923DE /* Sources */ = {
			isa = PBXSourcesBuildPhase;
			buildActionMask = 2147483647;
			files = (
				480E10C52634DF5200665FD4 /* UserFriendlySelction.swift in Sources */,
				484987E7262C97BA009B59EE /* ImageEffects.swift in Sources */,
				48297440262A8E3B00D923DE /* ContentView.swift in Sources */,
				48297458262A8EC700D923DE /* ShowStoreView.swift in Sources */,
				484987EC262C9EAB009B59EE /* ImageBackground.swift in Sources */,
				48297452262A8EC700D923DE /* TextViewParagraph.swift in Sources */,
				480E10CA2634E4B900665FD4 /* DatePickerView.swift in Sources */,
				48297454262A8EC700D923DE /* FullScreen.swift in Sources */,
				484987CC262C569F009B59EE /* TextFieldView.swift in Sources */,
				483844A12639C18D0043BA65 /* SliderView.swift in Sources */,
				484987E2262C95DB009B59EE /* Image02.swift in Sources */,
				484987C2262C44EA009B59EE /* ComposedText.swift in Sources */,
				48297461262A926F00D923DE /* DateFormatText.swift in Sources */,
				48297456262A8EC700D923DE /* TextViewL2.swift in Sources */,
				484987D3262C6FD7009B59EE /* TextEditorView.swift in Sources */,
				484987D8262C9225009B59EE /* ModalWindow.swift in Sources */,
				4838449B2638C5220043BA65 /* ColorPicking.swift in Sources */,
				4838449E2638C9E80043BA65 /* PickerIntoSegmentPicker.swift in Sources */,
				484987F6262CA787009B59EE /* WebImagef.swift in Sources */,
				484987F1262CA37F009B59EE /* ImageRotation.swift in Sources */,
				4829743E262A8E3B00D923DE /* IOsDevTutorialApp.swift in Sources */,
				484987DD262C9483009B59EE /* ImageRelated01.swift in Sources */,
				484987C7262C4640009B59EE /* LabelOfImageText.swift in Sources */,
				483844982638BE820043BA65 /* DateFormat.swift in Sources */,
			);
			runOnlyForDeploymentPostprocessing = 0;
		};
		48297436262A8E3B00D923DE /* Sources */ = {
			isa = PBXSourcesBuildPhase;
			buildActionMask = 2147483647;
			files = (
				480E10C62634DF5200665FD4 /* UserFriendlySelction.swift in Sources */,
				484987E8262C97BA009B59EE /* ImageEffects.swift in Sources */,
				48297441262A8E3B00D923DE /* ContentView.swift in Sources */,
				48297459262A8EC700D923DE /* ShowStoreView.swift in Sources */,
				484987ED262C9EAB009B59EE /* ImageBackground.swift in Sources */,
				48297453262A8EC700D923DE /* TextViewParagraph.swift in Sources */,
				480E10CB2634E4B900665FD4 /* DatePickerView.swift in Sources */,
				48297455262A8EC700D923DE /* FullScreen.swift in Sources */,
				484987CD262C569F009B59EE /* TextFieldView.swift in Sources */,
				483844A22639C18D0043BA65 /* SliderView.swift in Sources */,
				484987E3262C95DB009B59EE /* Image02.swift in Sources */,
				484987C3262C44EA009B59EE /* ComposedText.swift in Sources */,
				48297462262A926F00D923DE /* DateFormatText.swift in Sources */,
				48297457262A8EC700D923DE /* TextViewL2.swift in Sources */,
				484987D4262C6FD7009B59EE /* TextEditorView.swift in Sources */,
				484987D9262C9225009B59EE /* ModalWindow.swift in Sources */,
				4838449C2638C5220043BA65 /* ColorPicking.swift in Sources */,
				4838449F2638C9E80043BA65 /* PickerIntoSegmentPicker.swift in Sources */,
				484987F7262CA787009B59EE /* WebImagef.swift in Sources */,
				484987F2262CA37F009B59EE /* ImageRotation.swift in Sources */,
				4829743F262A8E3B00D923DE /* IOsDevTutorialApp.swift in Sources */,
				484987DE262C9483009B59EE /* ImageRelated01.swift in Sources */,
				484987C8262C4640009B59EE /* LabelOfImageText.swift in Sources */,
				483844992638BE820043BA65 /* DateFormat.swift in Sources */,
			);
			runOnlyForDeploymentPostprocessing = 0;
		};
/* End PBXSourcesBuildPhase section */

/* Begin XCBuildConfiguration section */
		48297444262A8E3B00D923DE /* Debug */ = {
			isa = XCBuildConfiguration;
			buildSettings = {
				ALWAYS_SEARCH_USER_PATHS = NO;
				CLANG_ANALYZER_NONNULL = YES;
				CLANG_ANALYZER_NUMBER_OBJECT_CONVERSION = YES_AGGRESSIVE;
				CLANG_CXX_LANGUAGE_STANDARD = "gnu++14";
				CLANG_CXX_LIBRARY = "libc++";
				CLANG_ENABLE_MODULES = YES;
				CLANG_ENABLE_OBJC_ARC = YES;
				CLANG_ENABLE_OBJC_WEAK = YES;
				CLANG_WARN_BLOCK_CAPTURE_AUTORELEASING = YES;
				CLANG_WARN_BOOL_CONVERSION = YES;
				CLANG_WARN_COMMA = YES;
				CLANG_WARN_CONSTANT_CONVERSION = YES;
				CLANG_WARN_DEPRECATED_OBJC_IMPLEMENTATIONS = YES;
				CLANG_WARN_DIRECT_OBJC_ISA_USAGE = YES_ERROR;
				CLANG_WARN_DOCUMENTATION_COMMENTS = YES;
				CLANG_WARN_EMPTY_BODY = YES;
				CLANG_WARN_ENUM_CONVERSION = YES;
				CLANG_WARN_INFINITE_RECURSION = YES;
				CLANG_WARN_INT_CONVERSION = YES;
				CLANG_WARN_NON_LITERAL_NULL_CONVERSION = YES;
				CLANG_WARN_OBJC_IMPLICIT_RETAIN_SELF = YES;
				CLANG_WARN_OBJC_LITERAL_CONVERSION = YES;
				CLANG_WARN_OBJC_ROOT_CLASS = YES_ERROR;
				CLANG_WARN_QUOTED_INCLUDE_IN_FRAMEWORK_HEADER = YES;
				CLANG_WARN_RANGE_LOOP_ANALYSIS = YES;
				CLANG_WARN_STRICT_PROTOTYPES = YES;
				CLANG_WARN_SUSPICIOUS_MOVE = YES;
				CLANG_WARN_UNGUARDED_AVAILABILITY = YES_AGGRESSIVE;
				CLANG_WARN_UNREACHABLE_CODE = YES;
				CLANG_WARN__DUPLICATE_METHOD_MATCH = YES;
				COPY_PHASE_STRIP = NO;
				DEBUG_INFORMATION_FORMAT = dwarf;
				ENABLE_STRICT_OBJC_MSGSEND = YES;
				ENABLE_TESTABILITY = YES;
				GCC_C_LANGUAGE_STANDARD = gnu11;
				GCC_DYNAMIC_NO_PIC = NO;
				GCC_NO_COMMON_BLOCKS = YES;
				GCC_OPTIMIZATION_LEVEL = 0;
				GCC_PREPROCESSOR_DEFINITIONS = (
					"DEBUG=1",
					"$(inherited)",
				);
				GCC_WARN_64_TO_32_BIT_CONVERSION = YES;
				GCC_WARN_ABOUT_RETURN_TYPE = YES_ERROR;
				GCC_WARN_UNDECLARED_SELECTOR = YES;
				GCC_WARN_UNINITIALIZED_AUTOS = YES_AGGRESSIVE;
				GCC_WARN_UNUSED_FUNCTION = YES;
				GCC_WARN_UNUSED_VARIABLE = YES;
				MTL_ENABLE_DEBUG_INFO = INCLUDE_SOURCE;
				MTL_FAST_MATH = YES;
				ONLY_ACTIVE_ARCH = YES;
				SWIFT_ACTIVE_COMPILATION_CONDITIONS = DEBUG;
				SWIFT_OPTIMIZATION_LEVEL = "-Onone";
			};
			name = Debug;
		};
		48297445262A8E3B00D923DE /* Release */ = {
			isa = XCBuildConfiguration;
			buildSettings = {
				ALWAYS_SEARCH_USER_PATHS = NO;
				CLANG_ANALYZER_NONNULL = YES;
				CLANG_ANALYZER_NUMBER_OBJECT_CONVERSION = YES_AGGRESSIVE;
				CLANG_CXX_LANGUAGE_STANDARD = "gnu++14";
				CLANG_CXX_LIBRARY = "libc++";
				CLANG_ENABLE_MODULES = YES;
				CLANG_ENABLE_OBJC_ARC = YES;
				CLANG_ENABLE_OBJC_WEAK = YES;
				CLANG_WARN_BLOCK_CAPTURE_AUTORELEASING = YES;
				CLANG_WARN_BOOL_CONVERSION = YES;
				CLANG_WARN_COMMA = YES;
				CLANG_WARN_CONSTANT_CONVERSION = YES;
				CLANG_WARN_DEPRECATED_OBJC_IMPLEMENTATIONS = YES;
				CLANG_WARN_DIRECT_OBJC_ISA_USAGE = YES_ERROR;
				CLANG_WARN_DOCUMENTATION_COMMENTS = YES;
				CLANG_WARN_EMPTY_BODY = YES;
				CLANG_WARN_ENUM_CONVERSION = YES;
				CLANG_WARN_INFINITE_RECURSION = YES;
				CLANG_WARN_INT_CONVERSION = YES;
				CLANG_WARN_NON_LITERAL_NULL_CONVERSION = YES;
				CLANG_WARN_OBJC_IMPLICIT_RETAIN_SELF = YES;
				CLANG_WARN_OBJC_LITERAL_CONVERSION = YES;
				CLANG_WARN_OBJC_ROOT_CLASS = YES_ERROR;
				CLANG_WARN_QUOTED_INCLUDE_IN_FRAMEWORK_HEADER = YES;
				CLANG_WARN_RANGE_LOOP_ANALYSIS = YES;
				CLANG_WARN_STRICT_PROTOTYPES = YES;
				CLANG_WARN_SUSPICIOUS_MOVE = YES;
				CLANG_WARN_UNGUARDED_AVAILABILITY = YES_AGGRESSIVE;
				CLANG_WARN_UNREACHABLE_CODE = YES;
				CLANG_WARN__DUPLICATE_METHOD_MATCH = YES;
				COPY_PHASE_STRIP = NO;
				DEBUG_INFORMATION_FORMAT = "dwarf-with-dsym";
				ENABLE_NS_ASSERTIONS = NO;
				ENABLE_STRICT_OBJC_MSGSEND = YES;
				GCC_C_LANGUAGE_STANDARD = gnu11;
				GCC_NO_COMMON_BLOCKS = YES;
				GCC_WARN_64_TO_32_BIT_CONVERSION = YES;
				GCC_WARN_ABOUT_RETURN_TYPE = YES_ERROR;
				GCC_WARN_UNDECLARED_SELECTOR = YES;
				GCC_WARN_UNINITIALIZED_AUTOS = YES_AGGRESSIVE;
				GCC_WARN_UNUSED_FUNCTION = YES;
				GCC_WARN_UNUSED_VARIABLE = YES;
				MTL_ENABLE_DEBUG_INFO = NO;
				MTL_FAST_MATH = YES;
				SWIFT_COMPILATION_MODE = wholemodule;
				SWIFT_OPTIMIZATION_LEVEL = "-O";
			};
			name = Release;
		};
		48297447262A8E3B00D923DE /* Debug */ = {
			isa = XCBuildConfiguration;
			buildSettings = {
				ASSETCATALOG_COMPILER_APPICON_NAME = AppIcon;
				ASSETCATALOG_COMPILER_GLOBAL_ACCENT_COLOR_NAME = AccentColor;
				CODE_SIGN_STYLE = Automatic;
				DEVELOPMENT_TEAM = ZC99T738S6;
				ENABLE_PREVIEWS = YES;
				INFOPLIST_FILE = iOS/Info.plist;
				IPHONEOS_DEPLOYMENT_TARGET = 14.0;
				LD_RUNPATH_SEARCH_PATHS = (
					"$(inherited)",
					"@executable_path/Frameworks",
				);
				PRODUCT_BUNDLE_IDENTIFIER = com.github.emptist.IOsDevTutorial;
				PRODUCT_NAME = IOsDevTutorial;
				SDKROOT = iphoneos;
				SWIFT_VERSION = 5.0;
				TARGETED_DEVICE_FAMILY = "1,2";
			};
			name = Debug;
		};
		48297448262A8E3B00D923DE /* Release */ = {
			isa = XCBuildConfiguration;
			buildSettings = {
				ASSETCATALOG_COMPILER_APPICON_NAME = AppIcon;
				ASSETCATALOG_COMPILER_GLOBAL_ACCENT_COLOR_NAME = AccentColor;
				CODE_SIGN_STYLE = Automatic;
				DEVELOPMENT_TEAM = ZC99T738S6;
				ENABLE_PREVIEWS = YES;
				INFOPLIST_FILE = iOS/Info.plist;
				IPHONEOS_DEPLOYMENT_TARGET = 14.0;
				LD_RUNPATH_SEARCH_PATHS = (
					"$(inherited)",
					"@executable_path/Frameworks",
				);
				PRODUCT_BUNDLE_IDENTIFIER = com.github.emptist.IOsDevTutorial;
				PRODUCT_NAME = IOsDevTutorial;
				SDKROOT = iphoneos;
				SWIFT_VERSION = 5.0;
				TARGETED_DEVICE_FAMILY = "1,2";
				VALIDATE_PRODUCT = YES;
			};
			name = Release;
		};
		4829744A262A8E3B00D923DE /* Debug */ = {
			isa = XCBuildConfiguration;
			buildSettings = {
				ASSETCATALOG_COMPILER_APPICON_NAME = AppIcon;
				ASSETCATALOG_COMPILER_GLOBAL_ACCENT_COLOR_NAME = AccentColor;
				CODE_SIGN_ENTITLEMENTS = macOS/macOS.entitlements;
				CODE_SIGN_IDENTITY = "-";
				CODE_SIGN_STYLE = Automatic;
				COMBINE_HIDPI_IMAGES = YES;
				DEVELOPMENT_TEAM = ZC99T738S6;
				ENABLE_HARDENED_RUNTIME = YES;
				ENABLE_PREVIEWS = YES;
				INFOPLIST_FILE = macOS/Info.plist;
				LD_RUNPATH_SEARCH_PATHS = (
					"$(inherited)",
					"@executable_path/../Frameworks",
				);
				MACOSX_DEPLOYMENT_TARGET = 11.0;
				PRODUCT_BUNDLE_IDENTIFIER = com.github.emptist.IOsDevTutorial;
				PRODUCT_NAME = IOsDevTutorial;
				SDKROOT = macosx;
				SWIFT_VERSION = 5.0;
			};
			name = Debug;
		};
		4829744B262A8E3B00D923DE /* Release */ = {
			isa = XCBuildConfiguration;
			buildSettings = {
				ASSETCATALOG_COMPILER_APPICON_NAME = AppIcon;
				ASSETCATALOG_COMPILER_GLOBAL_ACCENT_COLOR_NAME = AccentColor;
				CODE_SIGN_ENTITLEMENTS = macOS/macOS.entitlements;
				CODE_SIGN_IDENTITY = "-";
				CODE_SIGN_STYLE = Automatic;
				COMBINE_HIDPI_IMAGES = YES;
				DEVELOPMENT_TEAM = ZC99T738S6;
				ENABLE_HARDENED_RUNTIME = YES;
				ENABLE_PREVIEWS = YES;
				INFOPLIST_FILE = macOS/Info.plist;
				LD_RUNPATH_SEARCH_PATHS = (
					"$(inherited)",
					"@executable_path/../Frameworks",
				);
				MACOSX_DEPLOYMENT_TARGET = 11.0;
				PRODUCT_BUNDLE_IDENTIFIER = com.github.emptist.IOsDevTutorial;
				PRODUCT_NAME = IOsDevTutorial;
				SDKROOT = macosx;
				SWIFT_VERSION = 5.0;
			};
			name = Release;
		};
/* End XCBuildConfiguration section */

/* Begin XCConfigurationList section */
		48297429262A8E3A00D923DE /* Build configuration list for PBXProject "IOsDevTutorial" */ = {
			isa = XCConfigurationList;
			buildConfigurations = (
				48297444262A8E3B00D923DE /* Debug */,
				48297445262A8E3B00D923DE /* Release */,
			);
			defaultConfigurationIsVisible = 0;
			defaultConfigurationName = Release;
		};
		48297446262A8E3B00D923DE /* Build configuration list for PBXNativeTarget "IOsDevTutorial (iOS)" */ = {
			isa = XCConfigurationList;
			buildConfigurations = (
				48297447262A8E3B00D923DE /* Debug */,
				48297448262A8E3B00D923DE /* Release */,
			);
			defaultConfigurationIsVisible = 0;
			defaultConfigurationName = Release;
		};
		48297449262A8E3B00D923DE /* Build configuration list for PBXNativeTarget "IOsDevTutorial (macOS)" */ = {
			isa = XCConfigurationList;
			buildConfigurations = (
				4829744A262A8E3B00D923DE /* Debug */,
				4829744B262A8E3B00D923DE /* Release */,
			);
			defaultConfigurationIsVisible = 0;
			defaultConfigurationName = Release;
		};
/* End XCConfigurationList section */
	};
	rootObject = 48297426262A8E3A00D923DE /* Project object */;
}
